
Microsoft Visual Studio Solution File, Format Version 12.00
# Visual Studio 15
VisualStudioVersion = 15.0.27703.2026
MinimumVisualStudioVersion = 10.0.40219.1
Project("{FAE04EC0-301F-11D3-BF4B-00C04F79EFBC}") = "Xamarin.Android.SerialPort", "Xamarin.Android.SerialPort\Xamarin.Android.SerialPort.csproj", "{D03E05D6-FC0D-496E-ADE4-200BACC5038C}"
EndProject
Project("{8BC9CEB8-8B4A-11D0-8D11-00A0C91BC942}") = "android_serial_port", "android_serial_port\android_serial_port.vcxproj", "{65623B29-35BB-4F9D-A4C1-6034C35F9924}"
EndProject
Project("{FAE04EC0-301F-11D3-BF4B-00C04F79EFBC}") = "Forms.Test.Android", "Forms.Test\Forms.Test.Android\Forms.Test.Android.csproj", "{8FC7E3A3-53BC-4261-97BB-D09BFFA45697}"
EndProject
Project("{FAE04EC0-301F-11D3-BF4B-00C04F79EFBC}") = "Forms.Test.iOS", "Forms.Test\Forms.Test.iOS\Forms.Test.iOS.csproj", "{395A3024-0DA9-418F-987A-E6B72D39562A}"
EndProject
Project("{FAE04EC0-301F-11D3-BF4B-00C04F79EFBC}") = "Forms.Test", "Forms.Test\Forms.Test\Forms.Test.csproj", "{AA38B7E9-D4E9-4F11-954F-751CDD0D8713}"
EndProject
Project("{FAE04EC0-301F-11D3-BF4B-00C04F79EFBC}") = "Xamarin.Android.SerialPort.Test", "Xamarin.Android.SerialPort.Test\Xamarin.Android.SerialPort.Test.csproj", "{EE3BA4FA-0A83-4C14-B357-BA8D482871F1}"
EndProject
Global
	GlobalSection(SolutionConfigurationPlatforms) = preSolution
		Ad-Hoc|Any CPU = Ad-Hoc|Any CPU
		Ad-Hoc|iPhone = Ad-Hoc|iPhone
		Ad-Hoc|iPhoneSimulator = Ad-Hoc|iPhoneSimulator
		Ad-Hoc|x64 = Ad-Hoc|x64
		Ad-Hoc|x86 = Ad-Hoc|x86
		AppStore|Any CPU = AppStore|Any CPU
		AppStore|iPhone = AppStore|iPhone
		AppStore|iPhoneSimulator = AppStore|iPhoneSimulator
		AppStore|x64 = AppStore|x64
		AppStore|x86 = AppStore|x86
		Debug|Any CPU = Debug|Any CPU
		Debug|iPhone = Debug|iPhone
		Debug|iPhoneSimulator = Debug|iPhoneSimulator
		Debug|x64 = Debug|x64
		Debug|x86 = Debug|x86
		Release|Any CPU = Release|Any CPU
		Release|iPhone = Release|iPhone
		Release|iPhoneSimulator = Release|iPhoneSimulator
		Release|x64 = Release|x64
		Release|x86 = Release|x86
	EndGlobalSection
	GlobalSection(ProjectConfigurationPlatforms) = postSolution
		{D03E05D6-FC0D-496E-ADE4-200BACC5038C}.Ad-Hoc|Any CPU.ActiveCfg = Release|Any CPU
		{D03E05D6-FC0D-496E-ADE4-200BACC5038C}.Ad-Hoc|Any CPU.Build.0 = Release|Any CPU
		{D03E05D6-FC0D-496E-ADE4-200BACC5038C}.Ad-Hoc|iPhone.ActiveCfg = Release|Any CPU
		{D03E05D6-FC0D-496E-ADE4-200BACC5038C}.Ad-Hoc|iPhone.Build.0 = Release|Any CPU
		{D03E05D6-FC0D-496E-ADE4-200BACC5038C}.Ad-Hoc|iPhoneSimulator.ActiveCfg = Release|Any CPU
		{D03E05D6-FC0D-496E-ADE4-200BACC5038C}.Ad-Hoc|iPhoneSimulator.Build.0 = Release|Any CPU
		{D03E05D6-FC0D-496E-ADE4-200BACC5038C}.Ad-Hoc|x64.ActiveCfg = Release|Any CPU
		{D03E05D6-FC0D-496E-ADE4-200BACC5038C}.Ad-Hoc|x64.Build.0 = Release|Any CPU
		{D03E05D6-FC0D-496E-ADE4-200BACC5038C}.Ad-Hoc|x86.ActiveCfg = Release|Any CPU
		{D03E05D6-FC0D-496E-ADE4-200BACC5038C}.Ad-Hoc|x86.Build.0 = Release|Any CPU
		{D03E05D6-FC0D-496E-ADE4-200BACC5038C}.AppStore|Any CPU.ActiveCfg = Release|Any CPU
		{D03E05D6-FC0D-496E-ADE4-200BACC5038C}.AppStore|Any CPU.Build.0 = Release|Any CPU
		{D03E05D6-FC0D-496E-ADE4-200BACC5038C}.AppStore|iPhone.ActiveCfg = Release|Any CPU
		{D03E05D6-FC0D-496E-ADE4-200BACC5038C}.AppStore|iPhone.Build.0 = Release|Any CPU
		{D03E05D6-FC0D-496E-ADE4-200BACC5038C}.AppStore|iPhoneSimulator.ActiveCfg = Release|Any CPU
		{D03E05D6-FC0D-496E-ADE4-200BACC5038C}.AppStore|iPhoneSimulator.Build.0 = Release|Any CPU
		{D03E05D6-FC0D-496E-ADE4-200BACC5038C}.AppStore|x64.ActiveCfg = Release|Any CPU
		{D03E05D6-FC0D-496E-ADE4-200BACC5038C}.AppStore|x64.Build.0 = Release|Any CPU
		{D03E05D6-FC0D-496E-ADE4-200BACC5038C}.AppStore|x86.ActiveCfg = Release|Any CPU
		{D03E05D6-FC0D-496E-ADE4-200BACC5038C}.AppStore|x86.Build.0 = Release|Any CPU
		{D03E05D6-FC0D-496E-ADE4-200BACC5038C}.Debug|Any CPU.ActiveCfg = Debug|Any CPU
		{D03E05D6-FC0D-496E-ADE4-200BACC5038C}.Debug|Any CPU.Build.0 = Debug|Any CPU
		{D03E05D6-FC0D-496E-ADE4-200BACC5038C}.Debug|iPhone.ActiveCfg = Debug|Any CPU
		{D03E05D6-FC0D-496E-ADE4-200BACC5038C}.Debug|iPhone.Build.0 = Debug|Any CPU
		{D03E05D6-FC0D-496E-ADE4-200BACC5038C}.Debug|iPhoneSimulator.ActiveCfg = Debug|Any CPU
		{D03E05D6-FC0D-496E-ADE4-200BACC5038C}.Debug|iPhoneSimulator.Build.0 = Debug|Any CPU
		{D03E05D6-FC0D-496E-ADE4-200BACC5038C}.Debug|x64.ActiveCfg = Debug|Any CPU
		{D03E05D6-FC0D-496E-ADE4-200BACC5038C}.Debug|x64.Build.0 = Debug|Any CPU
		{D03E05D6-FC0D-496E-ADE4-200BACC5038C}.Debug|x86.ActiveCfg = Debug|Any CPU
		{D03E05D6-FC0D-496E-ADE4-200BACC5038C}.Debug|x86.Build.0 = Debug|Any CPU
		{D03E05D6-FC0D-496E-ADE4-200BACC5038C}.Release|Any CPU.ActiveCfg = Release|Any CPU
		{D03E05D6-FC0D-496E-ADE4-200BACC5038C}.Release|Any CPU.Build.0 = Release|Any CPU
		{D03E05D6-FC0D-496E-ADE4-200BACC5038C}.Release|iPhone.ActiveCfg = Release|Any CPU
		{D03E05D6-FC0D-496E-ADE4-200BACC5038C}.Release|iPhone.Build.0 = Release|Any CPU
		{D03E05D6-FC0D-496E-ADE4-200BACC5038C}.Release|iPhoneSimulator.ActiveCfg = Release|Any CPU
		{D03E05D6-FC0D-496E-ADE4-200BACC5038C}.Release|iPhoneSimulator.Build.0 = Release|Any CPU
		{D03E05D6-FC0D-496E-ADE4-200BACC5038C}.Release|x64.ActiveCfg = Release|Any CPU
		{D03E05D6-FC0D-496E-ADE4-200BACC5038C}.Release|x64.Build.0 = Release|Any CPU
		{D03E05D6-FC0D-496E-ADE4-200BACC5038C}.Release|x86.ActiveCfg = Release|Any CPU
		{D03E05D6-FC0D-496E-ADE4-200BACC5038C}.Release|x86.Build.0 = Release|Any CPU
		{65623B29-35BB-4F9D-A4C1-6034C35F9924}.Ad-Hoc|Any CPU.ActiveCfg = Release|Win32
		{65623B29-35BB-4F9D-A4C1-6034C35F9924}.Ad-Hoc|Any CPU.Build.0 = Release|Win32
		{65623B29-35BB-4F9D-A4C1-6034C35F9924}.Ad-Hoc|iPhone.ActiveCfg = Release|Win32
		{65623B29-35BB-4F9D-A4C1-6034C35F9924}.Ad-Hoc|iPhone.Build.0 = Release|Win32
		{65623B29-35BB-4F9D-A4C1-6034C35F9924}.Ad-Hoc|iPhoneSimulator.ActiveCfg = Release|Win32
		{65623B29-35BB-4F9D-A4C1-6034C35F9924}.Ad-Hoc|iPhoneSimulator.Build.0 = Release|Win32
		{65623B29-35BB-4F9D-A4C1-6034C35F9924}.Ad-Hoc|x64.ActiveCfg = Release|Win32
		{65623B29-35BB-4F9D-A4C1-6034C35F9924}.Ad-Hoc|x64.Build.0 = Release|Win32
		{65623B29-35BB-4F9D-A4C1-6034C35F9924}.Ad-Hoc|x86.ActiveCfg = Release|Win32
		{65623B29-35BB-4F9D-A4C1-6034C35F9924}.Ad-Hoc|x86.Build.0 = Release|Win32
		{65623B29-35BB-4F9D-A4C1-6034C35F9924}.AppStore|Any CPU.ActiveCfg = Release|Win32
		{65623B29-35BB-4F9D-A4C1-6034C35F9924}.AppStore|Any CPU.Build.0 = Release|Win32
		{65623B29-35BB-4F9D-A4C1-6034C35F9924}.AppStore|iPhone.ActiveCfg = Release|Win32
		{65623B29-35BB-4F9D-A4C1-6034C35F9924}.AppStore|iPhone.Build.0 = Release|Win32
		{65623B29-35BB-4F9D-A4C1-6034C35F9924}.AppStore|iPhoneSimulator.ActiveCfg = Release|Win32
		{65623B29-35BB-4F9D-A4C1-6034C35F9924}.AppStore|iPhoneSimulator.Build.0 = Release|Win32
		{65623B29-35BB-4F9D-A4C1-6034C35F9924}.AppStore|x64.ActiveCfg = Release|Win32
		{65623B29-35BB-4F9D-A4C1-6034C35F9924}.AppStore|x64.Build.0 = Release|Win32
		{65623B29-35BB-4F9D-A4C1-6034C35F9924}.AppStore|x86.ActiveCfg = Release|Win32
		{65623B29-35BB-4F9D-A4C1-6034C35F9924}.AppStore|x86.Build.0 = Release|Win32
		{65623B29-35BB-4F9D-A4C1-6034C35F9924}.Debug|Any CPU.ActiveCfg = Debug|Win32
		{65623B29-35BB-4F9D-A4C1-6034C35F9924}.Debug|iPhone.ActiveCfg = Debug|Win32
		{65623B29-35BB-4F9D-A4C1-6034C35F9924}.Debug|iPhoneSimulator.ActiveCfg = Debug|Win32
		{65623B29-35BB-4F9D-A4C1-6034C35F9924}.Debug|x64.ActiveCfg = Debug|Win32
		{65623B29-35BB-4F9D-A4C1-6034C35F9924}.Debug|x86.ActiveCfg = Debug|Win32
		{65623B29-35BB-4F9D-A4C1-6034C35F9924}.Debug|x86.Build.0 = Debug|Win32
		{65623B29-35BB-4F9D-A4C1-6034C35F9924}.Release|Any CPU.ActiveCfg = Release|Win32
		{65623B29-35BB-4F9D-A4C1-6034C35F9924}.Release|iPhone.ActiveCfg = Release|Win32
		{65623B29-35BB-4F9D-A4C1-6034C35F9924}.Release|iPhoneSimulator.ActiveCfg = Release|Win32
		{65623B29-35BB-4F9D-A4C1-6034C35F9924}.Release|x64.ActiveCfg = Release|Win32
		{65623B29-35BB-4F9D-A4C1-6034C35F9924}.Release|x86.ActiveCfg = Release|Win32
		{65623B29-35BB-4F9D-A4C1-6034C35F9924}.Release|x86.Build.0 = Release|Win32
		{8FC7E3A3-53BC-4261-97BB-D09BFFA45697}.Ad-Hoc|Any CPU.ActiveCfg = Release|Any CPU
		{8FC7E3A3-53BC-4261-97BB-D09BFFA45697}.Ad-Hoc|Any CPU.Build.0 = Release|Any CPU
		{8FC7E3A3-53BC-4261-97BB-D09BFFA45697}.Ad-Hoc|Any CPU.Deploy.0 = Release|Any CPU
		{8FC7E3A3-53BC-4261-97BB-D09BFFA45697}.Ad-Hoc|iPhone.ActiveCfg = Release|Any CPU
		{8FC7E3A3-53BC-4261-97BB-D09BFFA45697}.Ad-Hoc|iPhone.Build.0 = Release|Any CPU
		{8FC7E3A3-53BC-4261-97BB-D09BFFA45697}.Ad-Hoc|iPhone.Deploy.0 = Release|Any CPU
		{8FC7E3A3-53BC-4261-97BB-D09BFFA45697}.Ad-Hoc|iPhoneSimulator.ActiveCfg = Release|Any CPU
		{8FC7E3A3-53BC-4261-97BB-D09BFFA45697}.Ad-Hoc|iPhoneSimulator.Build.0 = Release|Any CPU
		{8FC7E3A3-53BC-4261-97BB-D09BFFA45697}.Ad-Hoc|iPhoneSimulator.Deploy.0 = Release|Any CPU
		{8FC7E3A3-53BC-4261-97BB-D09BFFA45697}.Ad-Hoc|x64.ActiveCfg = Release|Any CPU
		{8FC7E3A3-53BC-4261-97BB-D09BFFA45697}.Ad-Hoc|x64.Build.0 = Release|Any CPU
		{8FC7E3A3-53BC-4261-97BB-D09BFFA45697}.Ad-Hoc|x64.Deploy.0 = Release|Any CPU
		{8FC7E3A3-53BC-4261-97BB-D09BFFA45697}.Ad-Hoc|x86.ActiveCfg = Release|Any CPU
		{8FC7E3A3-53BC-4261-97BB-D09BFFA45697}.Ad-Hoc|x86.Build.0 = Release|Any CPU
		{8FC7E3A3-53BC-4261-97BB-D09BFFA45697}.Ad-Hoc|x86.Deploy.0 = Release|Any CPU
		{8FC7E3A3-53BC-4261-97BB-D09BFFA45697}.AppStore|Any CPU.ActiveCfg = Release|Any CPU
		{8FC7E3A3-53BC-4261-97BB-D09BFFA45697}.AppStore|Any CPU.Build.0 = Release|Any CPU
		{8FC7E3A3-53BC-4261-97BB-D09BFFA45697}.AppStore|Any CPU.Deploy.0 = Release|Any CPU
		{8FC7E3A3-53BC-4261-97BB-D09BFFA45697}.AppStore|iPhone.ActiveCfg = Release|Any CPU
		{8FC7E3A3-53BC-4261-97BB-D09BFFA45697}.AppStore|iPhone.Build.0 = Release|Any CPU
		{8FC7E3A3-53BC-4261-97BB-D09BFFA45697}.AppStore|iPhone.Deploy.0 = Release|Any CPU
		{8FC7E3A3-53BC-4261-97BB-D09BFFA45697}.AppStore|iPhoneSimulator.ActiveCfg = Release|Any CPU
		{8FC7E3A3-53BC-4261-97BB-D09BFFA45697}.AppStore|iPhoneSimulator.Build.0 = Release|Any CPU
		{8FC7E3A3-53BC-4261-97BB-D09BFFA45697}.AppStore|iPhoneSimulator.Deploy.0 = Release|Any CPU
		{8FC7E3A3-53BC-4261-97BB-D09BFFA45697}.AppStore|x64.ActiveCfg = Release|Any CPU
		{8FC7E3A3-53BC-4261-97BB-D09BFFA45697}.AppStore|x64.Build.0 = Release|Any CPU
		{8FC7E3A3-53BC-4261-97BB-D09BFFA45697}.AppStore|x64.Deploy.0 = Release|Any CPU
		{8FC7E3A3-53BC-4261-97BB-D09BFFA45697}.AppStore|x86.ActiveCfg = Release|Any CPU
		{8FC7E3A3-53BC-4261-97BB-D09BFFA45697}.AppStore|x86.Build.0 = Release|Any CPU
		{8FC7E3A3-53BC-4261-97BB-D09BFFA45697}.AppStore|x86.Deploy.0 = Release|Any CPU
		{8FC7E3A3-53BC-4261-97BB-D09BFFA45697}.Debug|Any CPU.ActiveCfg = Debug|Any CPU
		{8FC7E3A3-53BC-4261-97BB-D09BFFA45697}.Debug|Any CPU.Build.0 = Debug|Any CPU
		{8FC7E3A3-53BC-4261-97BB-D09BFFA45697}.Debug|Any CPU.Deploy.0 = Debug|Any CPU
		{8FC7E3A3-53BC-4261-97BB-D09BFFA45697}.Debug|iPhone.ActiveCfg = Debug|Any CPU
		{8FC7E3A3-53BC-4261-97BB-D09BFFA45697}.Debug|iPhone.Build.0 = Debug|Any CPU
		{8FC7E3A3-53BC-4261-97BB-D09BFFA45697}.Debug|iPhone.Deploy.0 = Debug|Any CPU
		{8FC7E3A3-53BC-4261-97BB-D09BFFA45697}.Debug|iPhoneSimulator.ActiveCfg = Debug|Any CPU
		{8FC7E3A3-53BC-4261-97BB-D09BFFA45697}.Debug|iPhoneSimulator.Build.0 = Debug|Any CPU
		{8FC7E3A3-53BC-4261-97BB-D09BFFA45697}.Debug|iPhoneSimulator.Deploy.0 = Debug|Any CPU
		{8FC7E3A3-53BC-4261-97BB-D09BFFA45697}.Debug|x64.ActiveCfg = Debug|Any CPU
		{8FC7E3A3-53BC-4261-97BB-D09BFFA45697}.Debug|x64.Build.0 = Debug|Any CPU
		{8FC7E3A3-53BC-4261-97BB-D09BFFA45697}.Debug|x64.Deploy.0 = Debug|Any CPU
		{8FC7E3A3-53BC-4261-97BB-D09BFFA45697}.Debug|x86.ActiveCfg = Debug|Any CPU
		{8FC7E3A3-53BC-4261-97BB-D09BFFA45697}.Debug|x86.Build.0 = Debug|Any CPU
		{8FC7E3A3-53BC-4261-97BB-D09BFFA45697}.Debug|x86.Deploy.0 = Debug|Any CPU
		{8FC7E3A3-53BC-4261-97BB-D09BFFA45697}.Release|Any CPU.ActiveCfg = Release|Any CPU
		{8FC7E3A3-53BC-4261-97BB-D09BFFA45697}.Release|Any CPU.Build.0 = Release|Any CPU
		{8FC7E3A3-53BC-4261-97BB-D09BFFA45697}.Release|Any CPU.Deploy.0 = Release|Any CPU
		{8FC7E3A3-53BC-4261-97BB-D09BFFA45697}.Release|iPhone.ActiveCfg = Release|Any CPU
		{8FC7E3A3-53BC-4261-97BB-D09BFFA45697}.Release|iPhone.Build.0 = Release|Any CPU
		{8FC7E3A3-53BC-4261-97BB-D09BFFA45697}.Release|iPhone.Deploy.0 = Release|Any CPU
		{8FC7E3A3-53BC-4261-97BB-D09BFFA45697}.Release|iPhoneSimulator.ActiveCfg = Release|Any CPU
		{8FC7E3A3-53BC-4261-97BB-D09BFFA45697}.Release|iPhoneSimulator.Build.0 = Release|Any CPU
		{8FC7E3A3-53BC-4261-97BB-D09BFFA45697}.Release|iPhoneSimulator.Deploy.0 = Release|Any CPU
		{8FC7E3A3-53BC-4261-97BB-D09BFFA45697}.Release|x64.ActiveCfg = Release|Any CPU
		{8FC7E3A3-53BC-4261-97BB-D09BFFA45697}.Release|x64.Build.0 = Release|Any CPU
		{8FC7E3A3-53BC-4261-97BB-D09BFFA45697}.Release|x64.Deploy.0 = Release|Any CPU
		{8FC7E3A3-53BC-4261-97BB-D09BFFA45697}.Release|x86.ActiveCfg = Release|Any CPU
		{8FC7E3A3-53BC-4261-97BB-D09BFFA45697}.Release|x86.Build.0 = Release|Any CPU
		{8FC7E3A3-53BC-4261-97BB-D09BFFA45697}.Release|x86.Deploy.0 = Release|Any CPU
		{395A3024-0DA9-418F-987A-E6B72D39562A}.Ad-Hoc|Any CPU.ActiveCfg = Ad-Hoc|iPhone
		{395A3024-0DA9-418F-987A-E6B72D39562A}.Ad-Hoc|iPhone.ActiveCfg = Ad-Hoc|iPhone
		{395A3024-0DA9-418F-987A-E6B72D39562A}.Ad-Hoc|iPhone.Build.0 = Ad-Hoc|iPhone
		{395A3024-0DA9-418F-987A-E6B72D39562A}.Ad-Hoc|iPhoneSimulator.ActiveCfg = Ad-Hoc|iPhoneSimulator
		{395A3024-0DA9-418F-987A-E6B72D39562A}.Ad-Hoc|iPhoneSimulator.Build.0 = Ad-Hoc|iPhoneSimulator
		{395A3024-0DA9-418F-987A-E6B72D39562A}.Ad-Hoc|x64.ActiveCfg = Ad-Hoc|iPhone
		{395A3024-0DA9-418F-987A-E6B72D39562A}.Ad-Hoc|x86.ActiveCfg = Ad-Hoc|iPhone
		{395A3024-0DA9-418F-987A-E6B72D39562A}.AppStore|Any CPU.ActiveCfg = AppStore|iPhone
		{395A3024-0DA9-418F-987A-E6B72D39562A}.AppStore|iPhone.ActiveCfg = AppStore|iPhone
		{395A3024-0DA9-418F-987A-E6B72D39562A}.AppStore|iPhone.Build.0 = AppStore|iPhone
		{395A3024-0DA9-418F-987A-E6B72D39562A}.AppStore|iPhoneSimulator.ActiveCfg = AppStore|iPhoneSimulator
		{395A3024-0DA9-418F-987A-E6B72D39562A}.AppStore|iPhoneSimulator.Build.0 = AppStore|iPhoneSimulator
		{395A3024-0DA9-418F-987A-E6B72D39562A}.AppStore|x64.ActiveCfg = AppStore|iPhone
		{395A3024-0DA9-418F-987A-E6B72D39562A}.AppStore|x86.ActiveCfg = AppStore|iPhone
		{395A3024-0DA9-418F-987A-E6B72D39562A}.Debug|Any CPU.ActiveCfg = Debug|iPhone
		{395A3024-0DA9-418F-987A-E6B72D39562A}.Debug|iPhone.ActiveCfg = Debug|iPhone
		{395A3024-0DA9-418F-987A-E6B72D39562A}.Debug|iPhone.Build.0 = Debug|iPhone
		{395A3024-0DA9-418F-987A-E6B72D39562A}.Debug|iPhoneSimulator.ActiveCfg = Debug|iPhoneSimulator
		{395A3024-0DA9-418F-987A-E6B72D39562A}.Debug|iPhoneSimulator.Build.0 = Debug|iPhoneSimulator
		{395A3024-0DA9-418F-987A-E6B72D39562A}.Debug|x64.ActiveCfg = Debug|iPhone
		{395A3024-0DA9-418F-987A-E6B72D39562A}.Debug|x86.ActiveCfg = Debug|iPhone
		{395A3024-0DA9-418F-987A-E6B72D39562A}.Release|Any CPU.ActiveCfg = Release|iPhone
		{395A3024-0DA9-418F-987A-E6B72D39562A}.Release|iPhone.ActiveCfg = Release|iPhone
		{395A3024-0DA9-418F-987A-E6B72D39562A}.Release|iPhone.Build.0 = Release|iPhone
		{395A3024-0DA9-418F-987A-E6B72D39562A}.Release|iPhoneSimulator.ActiveCfg = Release|iPhoneSimulator
		{395A3024-0DA9-418F-987A-E6B72D39562A}.Release|iPhoneSimulator.Build.0 = Release|iPhoneSimulator
		{395A3024-0DA9-418F-987A-E6B72D39562A}.Release|x64.ActiveCfg = Release|iPhone
		{395A3024-0DA9-418F-987A-E6B72D39562A}.Release|x86.ActiveCfg = Release|iPhone
		{AA38B7E9-D4E9-4F11-954F-751CDD0D8713}.Ad-Hoc|Any CPU.ActiveCfg = Debug|Any CPU
		{AA38B7E9-D4E9-4F11-954F-751CDD0D8713}.Ad-Hoc|Any CPU.Build.0 = Debug|Any CPU
		{AA38B7E9-D4E9-4F11-954F-751CDD0D8713}.Ad-Hoc|iPhone.ActiveCfg = Debug|Any CPU
		{AA38B7E9-D4E9-4F11-954F-751CDD0D8713}.Ad-Hoc|iPhone.Build.0 = Debug|Any CPU
		{AA38B7E9-D4E9-4F11-954F-751CDD0D8713}.Ad-Hoc|iPhoneSimulator.ActiveCfg = Debug|Any CPU
		{AA38B7E9-D4E9-4F11-954F-751CDD0D8713}.Ad-Hoc|iPhoneSimulator.Build.0 = Debug|Any CPU
		{AA38B7E9-D4E9-4F11-954F-751CDD0D8713}.Ad-Hoc|x64.ActiveCfg = Debug|Any CPU
		{AA38B7E9-D4E9-4F11-954F-751CDD0D8713}.Ad-Hoc|x64.Build.0 = Debug|Any CPU
		{AA38B7E9-D4E9-4F11-954F-751CDD0D8713}.Ad-Hoc|x86.ActiveCfg = Debug|Any CPU
		{AA38B7E9-D4E9-4F11-954F-751CDD0D8713}.Ad-Hoc|x86.Build.0 = Debug|Any CPU
		{AA38B7E9-D4E9-4F11-954F-751CDD0D8713}.AppStore|Any CPU.ActiveCfg = Debug|Any CPU
		{AA38B7E9-D4E9-4F11-954F-751CDD0D8713}.AppStore|Any CPU.Build.0 = Debug|Any CPU
		{AA38B7E9-D4E9-4F11-954F-751CDD0D8713}.AppStore|iPhone.ActiveCfg = Debug|Any CPU
		{AA38B7E9-D4E9-4F11-954F-751CDD0D8713}.AppStore|iPhone.Build.0 = Debug|Any CPU
		{AA38B7E9-D4E9-4F11-954F-751CDD0D8713}.AppStore|iPhoneSimulator.ActiveCfg = Debug|Any CPU
		{AA38B7E9-D4E9-4F11-954F-751CDD0D8713}.AppStore|iPhoneSimulator.Build.0 = Debug|Any CPU
		{AA38B7E9-D4E9-4F11-954F-751CDD0D8713}.AppStore|x64.ActiveCfg = Debug|Any CPU
		{AA38B7E9-D4E9-4F11-954F-751CDD0D8713}.AppStore|x64.Build.0 = Debug|Any CPU
		{AA38B7E9-D4E9-4F11-954F-751CDD0D8713}.AppStore|x86.ActiveCfg = Debug|Any CPU
		{AA38B7E9-D4E9-4F11-954F-751CDD0D8713}.AppStore|x86.Build.0 = Debug|Any CPU
		{AA38B7E9-D4E9-4F11-954F-751CDD0D8713}.Debug|Any CPU.ActiveCfg = Debug|Any CPU
		{AA38B7E9-D4E9-4F11-954F-751CDD0D8713}.Debug|Any CPU.Build.0 = Debug|Any CPU
		{AA38B7E9-D4E9-4F11-954F-751CDD0D8713}.Debug|iPhone.ActiveCfg = Debug|Any CPU
		{AA38B7E9-D4E9-4F11-954F-751CDD0D8713}.Debug|iPhone.Build.0 = Debug|Any CPU
		{AA38B7E9-D4E9-4F11-954F-751CDD0D8713}.Debug|iPhoneSimulator.ActiveCfg = Debug|Any CPU
		{AA38B7E9-D4E9-4F11-954F-751CDD0D8713}.Debug|iPhoneSimulator.Build.0 = Debug|Any CPU
		{AA38B7E9-D4E9-4F11-954F-751CDD0D8713}.Debug|x64.ActiveCfg = Debug|Any CPU
		{AA38B7E9-D4E9-4F11-954F-751CDD0D8713}.Debug|x64.Build.0 = Debug|Any CPU
		{AA38B7E9-D4E9-4F11-954F-751CDD0D8713}.Debug|x86.ActiveCfg = Debug|Any CPU
		{AA38B7E9-D4E9-4F11-954F-751CDD0D8713}.Debug|x86.Build.0 = Debug|Any CPU
		{AA38B7E9-D4E9-4F11-954F-751CDD0D8713}.Release|Any CPU.ActiveCfg = Release|Any CPU
		{AA38B7E9-D4E9-4F11-954F-751CDD0D8713}.Release|Any CPU.Build.0 = Release|Any CPU
		{AA38B7E9-D4E9-4F11-954F-751CDD0D8713}.Release|iPhone.ActiveCfg = Release|Any CPU
		{AA38B7E9-D4E9-4F11-954F-751CDD0D8713}.Release|iPhone.Build.0 = Release|Any CPU
		{AA38B7E9-D4E9-4F11-954F-751CDD0D8713}.Release|iPhoneSimulator.ActiveCfg = Release|Any CPU
		{AA38B7E9-D4E9-4F11-954F-751CDD0D8713}.Release|iPhoneSimulator.Build.0 = Release|Any CPU
		{AA38B7E9-D4E9-4F11-954F-751CDD0D8713}.Release|x64.ActiveCfg = Release|Any CPU
		{AA38B7E9-D4E9-4F11-954F-751CDD0D8713}.Release|x64.Build.0 = Release|Any CPU
		{AA38B7E9-D4E9-4F11-954F-751CDD0D8713}.Release|x86.ActiveCfg = Release|Any CPU
		{AA38B7E9-D4E9-4F11-954F-751CDD0D8713}.Release|x86.Build.0 = Release|Any CPU
		{EE3BA4FA-0A83-4C14-B357-BA8D482871F1}.Ad-Hoc|Any CPU.ActiveCfg = Release|Any CPU
		{EE3BA4FA-0A83-4C14-B357-BA8D482871F1}.Ad-Hoc|Any CPU.Build.0 = Release|Any CPU
		{EE3BA4FA-0A83-4C14-B357-BA8D482871F1}.Ad-Hoc|Any CPU.Deploy.0 = Release|Any CPU
		{EE3BA4FA-0A83-4C14-B357-BA8D482871F1}.Ad-Hoc|iPhone.ActiveCfg = Release|Any CPU
		{EE3BA4FA-0A83-4C14-B357-BA8D482871F1}.Ad-Hoc|iPhone.Build.0 = Release|Any CPU
		{EE3BA4FA-0A83-4C14-B357-BA8D482871F1}.Ad-Hoc|iPhone.Deploy.0 = Release|Any CPU
		{EE3BA4FA-0A83-4C14-B357-BA8D482871F1}.Ad-Hoc|iPhoneSimulator.ActiveCfg = Release|Any CPU
		{EE3BA4FA-0A83-4C14-B357-BA8D482871F1}.Ad-Hoc|iPhoneSimulator.Build.0 = Release|Any CPU
		{EE3BA4FA-0A83-4C14-B357-BA8D482871F1}.Ad-Hoc|iPhoneSimulator.Deploy.0 = Release|Any CPU
		{EE3BA4FA-0A83-4C14-B357-BA8D482871F1}.Ad-Hoc|x64.ActiveCfg = Release|Any CPU
		{EE3BA4FA-0A83-4C14-B357-BA8D482871F1}.Ad-Hoc|x64.Build.0 = Release|Any CPU
		{EE3BA4FA-0A83-4C14-B357-BA8D482871F1}.Ad-Hoc|x64.Deploy.0 = Release|Any CPU
		{EE3BA4FA-0A83-4C14-B357-BA8D482871F1}.Ad-Hoc|x86.ActiveCfg = Release|Any CPU
		{EE3BA4FA-0A83-4C14-B357-BA8D482871F1}.Ad-Hoc|x86.Build.0 = Release|Any CPU
		{EE3BA4FA-0A83-4C14-B357-BA8D482871F1}.Ad-Hoc|x86.Deploy.0 = Release|Any CPU
		{EE3BA4FA-0A83-4C14-B357-BA8D482871F1}.AppStore|Any CPU.ActiveCfg = Release|Any CPU
		{EE3BA4FA-0A83-4C14-B357-BA8D482871F1}.AppStore|Any CPU.Build.0 = Release|Any CPU
		{EE3BA4FA-0A83-4C14-B357-BA8D482871F1}.AppStore|Any CPU.Deploy.0 = Release|Any CPU
		{EE3BA4FA-0A83-4C14-B357-BA8D482871F1}.AppStore|iPhone.ActiveCfg = Release|Any CPU
		{EE3BA4FA-0A83-4C14-B357-BA8D482871F1}.AppStore|iPhone.Build.0 = Release|Any CPU
		{EE3BA4FA-0A83-4C14-B357-BA8D482871F1}.AppStore|iPhone.Deploy.0 = Release|Any CPU
		{EE3BA4FA-0A83-4C14-B357-BA8D482871F1}.AppStore|iPhoneSimulator.ActiveCfg = Release|Any CPU
		{EE3BA4FA-0A83-4C14-B357-BA8D482871F1}.AppStore|iPhoneSimulator.Build.0 = Release|Any CPU
		{EE3BA4FA-0A83-4C14-B357-BA8D482871F1}.AppStore|iPhoneSimulator.Deploy.0 = Release|Any CPU
		{EE3BA4FA-0A83-4C14-B357-BA8D482871F1}.AppStore|x64.ActiveCfg = Release|Any CPU
		{EE3BA4FA-0A83-4C14-B357-BA8D482871F1}.AppStore|x64.Build.0 = Release|Any CPU
		{EE3BA4FA-0A83-4C14-B357-BA8D482871F1}.AppStore|x64.Deploy.0 = Release|Any CPU
		{EE3BA4FA-0A83-4C14-B357-BA8D482871F1}.AppStore|x86.ActiveCfg = Release|Any CPU
		{EE3BA4FA-0A83-4C14-B357-BA8D482871F1}.AppStore|x86.Build.0 = Release|Any CPU
		{EE3BA4FA-0A83-4C14-B357-BA8D482871F1}.AppStore|x86.Deploy.0 = Release|Any CPU
		{EE3BA4FA-0A83-4C14-B357-BA8D482871F1}.Debug|Any CPU.ActiveCfg = Debug|Any CPU
		{EE3BA4FA-0A83-4C14-B357-BA8D482871F1}.Debug|Any CPU.Build.0 = Debug|Any CPU
		{EE3BA4FA-0A83-4C14-B357-BA8D482871F1}.Debug|Any CPU.Deploy.0 = Debug|Any CPU
		{EE3BA4FA-0A83-4C14-B357-BA8D482871F1}.Debug|iPhone.ActiveCfg = Debug|Any CPU
		{EE3BA4FA-0A83-4C14-B357-BA8D482871F1}.Debug|iPhone.Build.0 = Debug|Any CPU
		{EE3BA4FA-0A83-4C14-B357-BA8D482871F1}.Debug|iPhone.Deploy.0 = Debug|Any CPU
		{EE3BA4FA-0A83-4C14-B357-BA8D482871F1}.Debug|iPhoneSimulator.ActiveCfg = Debug|Any CPU
		{EE3BA4FA-0A83-4C14-B357-BA8D482871F1}.Debug|iPhoneSimulator.Build.0 = Debug|Any CPU
		{EE3BA4FA-0A83-4C14-B357-BA8D482871F1}.Debug|iPhoneSimulator.Deploy.0 = Debug|Any CPU
		{EE3BA4FA-0A83-4C14-B357-BA8D482871F1}.Debug|x64.ActiveCfg = Debug|Any CPU
		{EE3BA4FA-0A83-4C14-B357-BA8D482871F1}.Debug|x64.Build.0 = Debug|Any CPU
		{EE3BA4FA-0A83-4C14-B357-BA8D482871F1}.Debug|x64.Deploy.0 = Debug|Any CPU
		{EE3BA4FA-0A83-4C14-B357-BA8D482871F1}.Debug|x86.ActiveCfg = Debug|Any CPU
		{EE3BA4FA-0A83-4C14-B357-BA8D482871F1}.Debug|x86.Build.0 = Debug|Any CPU
		{EE3BA4FA-0A83-4C14-B357-BA8D482871F1}.Debug|x86.Deploy.0 = Debug|Any CPU
		{EE3BA4FA-0A83-4C14-B357-BA8D482871F1}.Release|Any CPU.ActiveCfg = Release|Any CPU
		{EE3BA4FA-0A83-4C14-B357-BA8D482871F1}.Release|Any CPU.Build.0 = Release|Any CPU
		{EE3BA4FA-0A83-4C14-B357-BA8D482871F1}.Release|Any CPU.Deploy.0 = Release|Any CPU
		{EE3BA4FA-0A83-4C14-B357-BA8D482871F1}.Release|iPhone.ActiveCfg = Release|Any CPU
		{EE3BA4FA-0A83-4C14-B357-BA8D482871F1}.Release|iPhone.Build.0 = Release|Any CPU
		{EE3BA4FA-0A83-4C14-B357-BA8D482871F1}.Release|iPhone.Deploy.0 = Release|Any CPU
		{EE3BA4FA-0A83-4C14-B357-BA8D482871F1}.Release|iPhoneSimulator.ActiveCfg = Release|Any CPU
		{EE3BA4FA-0A83-4C14-B357-BA8D482871F1}.Release|iPhoneSimulator.Build.0 = Release|Any CPU
		{EE3BA4FA-0A83-4C14-B357-BA8D482871F1}.Release|iPhoneSimulator.Deploy.0 = Release|Any CPU
		{EE3BA4FA-0A83-4C14-B357-BA8D482871F1}.Release|x64.ActiveCfg = Release|Any CPU
		{EE3BA4FA-0A83-4C14-B357-BA8D482871F1}.Release|x64.Build.0 = Release|Any CPU
		{EE3BA4FA-0A83-4C14-B357-BA8D482871F1}.Release|x64.Deploy.0 = Release|Any CPU
		{EE3BA4FA-0A83-4C14-B357-BA8D482871F1}.Release|x86.ActiveCfg = Release|Any CPU
		{EE3BA4FA-0A83-4C14-B357-BA8D482871F1}.Release|x86.Build.0 = Release|Any CPU
		{EE3BA4FA-0A83-4C14-B357-BA8D482871F1}.Release|x86.Deploy.0 = Release|Any CPU
	EndGlobalSection
	GlobalSection(SolutionProperties) = preSolution
		HideSolutionNode = FALSE
	EndGlobalSection
	GlobalSection(ExtensibilityGlobals) = postSolution
		SolutionGuid = {FDB6B07D-C2C1-4B69-9A61-98D3A28618DE}
	EndGlobalSection
EndGlobal
