
Microsoft Visual Studio Solution File, Format Version 12.00
# Visual Studio 15
VisualStudioVersion = 15.0.27703.2026
MinimumVisualStudioVersion = 10.0.40219.1
Project("{FAE04EC0-301F-11D3-BF4B-00C04F79EFBC}") = "Xamarin.Android.SerialPort", "Xamarin.Android.SerialPort\Xamarin.Android.SerialPort.csproj", "{D03E05D6-FC0D-496E-ADE4-200BACC5038C}"
EndProject
Project("{8BC9CEB8-8B4A-11D0-8D11-00A0C91BC942}") = "android_serial_port", "android_serial_port\android_serial_port.vcxproj", "{65623B29-35BB-4F9D-A4C1-6034C35F9924}"
EndProject
Project("{FAE04EC0-301F-11D3-BF4B-00C04F79EFBC}") = "Xamarin.Android.SerialPort.Test", "Xamarin.Android.SerialPort.Test\Xamarin.Android.SerialPort.Test.csproj", "{EE3BA4FA-0A83-4C14-B357-BA8D482871F1}"
EndProject
Global
	GlobalSection(SolutionConfigurationPlatforms) = preSolution
		Debug|Any CPU = Debug|Any CPU
		Debug|x64 = Debug|x64
		Debug|x86 = Debug|x86
		Release|Any CPU = Release|Any CPU
		Release|x64 = Release|x64
		Release|x86 = Release|x86
	EndGlobalSection
	GlobalSection(ProjectConfigurationPlatforms) = postSolution
		{D03E05D6-FC0D-496E-ADE4-200BACC5038C}.Debug|Any CPU.ActiveCfg = Debug|Any CPU
		{D03E05D6-FC0D-496E-ADE4-200BACC5038C}.Debug|Any CPU.Build.0 = Debug|Any CPU
		{D03E05D6-FC0D-496E-ADE4-200BACC5038C}.Debug|x64.ActiveCfg = Debug|Any CPU
		{D03E05D6-FC0D-496E-ADE4-200BACC5038C}.Debug|x64.Build.0 = Debug|Any CPU
		{D03E05D6-FC0D-496E-ADE4-200BACC5038C}.Debug|x86.ActiveCfg = Debug|Any CPU
		{D03E05D6-FC0D-496E-ADE4-200BACC5038C}.Debug|x86.Build.0 = Debug|Any CPU
		{D03E05D6-FC0D-496E-ADE4-200BACC5038C}.Release|Any CPU.ActiveCfg = Release|Any CPU
		{D03E05D6-FC0D-496E-ADE4-200BACC5038C}.Release|Any CPU.Build.0 = Release|Any CPU
		{D03E05D6-FC0D-496E-ADE4-200BACC5038C}.Release|x64.ActiveCfg = Release|Any CPU
		{D03E05D6-FC0D-496E-ADE4-200BACC5038C}.Release|x64.Build.0 = Release|Any CPU
		{D03E05D6-FC0D-496E-ADE4-200BACC5038C}.Release|x86.ActiveCfg = Release|Any CPU
		{D03E05D6-FC0D-496E-ADE4-200BACC5038C}.Release|x86.Build.0 = Release|Any CPU
		{65623B29-35BB-4F9D-A4C1-6034C35F9924}.Debug|Any CPU.ActiveCfg = Debug|Win32
		{65623B29-35BB-4F9D-A4C1-6034C35F9924}.Debug|x64.ActiveCfg = Debug|Win32
		{65623B29-35BB-4F9D-A4C1-6034C35F9924}.Debug|x86.ActiveCfg = Debug|Win32
		{65623B29-35BB-4F9D-A4C1-6034C35F9924}.Debug|x86.Build.0 = Debug|Win32
		{65623B29-35BB-4F9D-A4C1-6034C35F9924}.Release|Any CPU.ActiveCfg = Release|Win32
		{65623B29-35BB-4F9D-A4C1-6034C35F9924}.Release|x64.ActiveCfg = Release|Win32
		{65623B29-35BB-4F9D-A4C1-6034C35F9924}.Release|x86.ActiveCfg = Release|Win32
		{65623B29-35BB-4F9D-A4C1-6034C35F9924}.Release|x86.Build.0 = Release|Win32
		{EE3BA4FA-0A83-4C14-B357-BA8D482871F1}.Debug|Any CPU.ActiveCfg = Debug|Any CPU
		{EE3BA4FA-0A83-4C14-B357-BA8D482871F1}.Debug|Any CPU.Build.0 = Debug|Any CPU
		{EE3BA4FA-0A83-4C14-B357-BA8D482871F1}.Debug|Any CPU.Deploy.0 = Debug|Any CPU
		{EE3BA4FA-0A83-4C14-B357-BA8D482871F1}.Debug|x64.ActiveCfg = Debug|Any CPU
		{EE3BA4FA-0A83-4C14-B357-BA8D482871F1}.Debug|x64.Build.0 = Debug|Any CPU
		{EE3BA4FA-0A83-4C14-B357-BA8D482871F1}.Debug|x64.Deploy.0 = Debug|Any CPU
		{EE3BA4FA-0A83-4C14-B357-BA8D482871F1}.Debug|x86.ActiveCfg = Debug|Any CPU
		{EE3BA4FA-0A83-4C14-B357-BA8D482871F1}.Debug|x86.Build.0 = Debug|Any CPU
		{EE3BA4FA-0A83-4C14-B357-BA8D482871F1}.Debug|x86.Deploy.0 = Debug|Any CPU
		{EE3BA4FA-0A83-4C14-B357-BA8D482871F1}.Release|Any CPU.ActiveCfg = Release|Any CPU
		{EE3BA4FA-0A83-4C14-B357-BA8D482871F1}.Release|Any CPU.Build.0 = Release|Any CPU
		{EE3BA4FA-0A83-4C14-B357-BA8D482871F1}.Release|Any CPU.Deploy.0 = Release|Any CPU
		{EE3BA4FA-0A83-4C14-B357-BA8D482871F1}.Release|x64.ActiveCfg = Release|Any CPU
		{EE3BA4FA-0A83-4C14-B357-BA8D482871F1}.Release|x64.Build.0 = Release|Any CPU
		{EE3BA4FA-0A83-4C14-B357-BA8D482871F1}.Release|x64.Deploy.0 = Release|Any CPU
		{EE3BA4FA-0A83-4C14-B357-BA8D482871F1}.Release|x86.ActiveCfg = Release|Any CPU
		{EE3BA4FA-0A83-4C14-B357-BA8D482871F1}.Release|x86.Build.0 = Release|Any CPU
		{EE3BA4FA-0A83-4C14-B357-BA8D482871F1}.Release|x86.Deploy.0 = Release|Any CPU
	EndGlobalSection
	GlobalSection(SolutionProperties) = preSolution
		HideSolutionNode = FALSE
	EndGlobalSection
	GlobalSection(ExtensibilityGlobals) = postSolution
		SolutionGuid = {FDB6B07D-C2C1-4B69-9A61-98D3A28618DE}
	EndGlobalSection
EndGlobal
